PODS:
  - Protobuf (3.20.1)
  - SSZipArchive (2.1.4)

DEPENDENCIES:
  - Protobuf (= 3.20.1)
  - SSZipArchive (~> 2.1.4)

SPEC REPOS:
  https://github.com/CocoaPods/Specs.git:
    - SSZipArchive
  trunk:
    - Protobuf

SPEC CHECKSUMS:
  Protobuf: b60ec2f51ad74765f44d0c09d2e0579d7de21745
  SSZipArchive: 41455d4b8d2b6ab93990820b50dc697c2554a322

PODFILE CHECKSUM: 1bfd6d20c5f753adb291548c807e2982b221b60e

COCOAPODS: 1.11.3
